PODS:
  - Action (3.11.0):
    - RxCocoa (~> 4.0)
    - RxSwift (~> 4.0)
  - AFNetworking (3.2.1):
    - AFNetworking/NSURLSession (= 3.2.1)
    - AFNetworking/Reachability (= 3.2.1)
    - AFNetworking/Security (= 3.2.1)
    - AFNetworking/Serialization (= 3.2.1)
    - AFNetworking/UIKit (= 3.2.1)
  - AFNetworking/NSURLSession (3.2.1):
    - AFNetworking/Reachability
    - AFNetworking/Security
    - AFNetworking/Serialization
  - AFNetworking/Reachability (3.2.1)
  - AFNetworking/Security (3.2.1)
  - AFNetworking/Serialization (3.2.1)
  - AFNetworking/UIKit (3.2.1):
    - AFNetworking/NSURLSession
  - Alamofire (4.8.2)
  - AliyunOSSiOS (2.10.7)
  - APJTextPickerView (0.0.8)
  - BaiduMapKit (4.3.2)
  - BMKLocationKit (1.5.0)
  - CryptoSwift (0.7.2)
  - Differentiator (3.1.0)
  - DZNEmptyDataSet (1.8.1)
  - EmptyDataSet-Swift (4.2.0)
  - GuidePageView (1.1.0)
  - IQKeyboardManager (6.3.0)
  - JCore (2.0.0)
  - JPush (3.2.0):
    - JCore (< 3.0.0, >= 2.0.0)
  - KeychainAccess (3.2.0)
  - Kingfisher (4.10.1)
  - MJRefresh (3.1.16)
  - Moya/Core (10.0.2):
    - Alamofire (~> 4.1)
    - Result (~> 3.0)
  - Moya/RxSwift (10.0.2):
    - Moya/Core
    - RxSwift (~> 4.0)
  - PagingMenuController (2.2.0)
  - Result (3.2.4)
  - RxCocoa (4.5.0):
    - RxSwift (>= 4.4.2, ~> 4.4)
  - RxDataSources (3.1.0):
    - Differentiator (~> 3.0)
    - RxCocoa (~> 4.0)
    - RxSwift (~> 4.0)
  - RxSwift (4.5.0)
  - SDCycleScrollView (1.80):
    - SDWebImage (>= 5.0.0)
  - SDWebImage (5.0.2):
    - SDWebImage/Core (= 5.0.2)
  - SDWebImage/Core (5.0.2)
  - SnapKit (4.0.1)
  - SVProgressHUD (2.2.5)
  - SwiftyJSON (3.1.4)
  - TOCropViewController (2.5.0)
  - TZImagePickerController (3.2.0)
  - YYText (1.0.7)

DEPENDENCIES:
  - Action
  - AFNetworking (~> 3.0)
  - AliyunOSSiOS
  - APJTextPickerView
  - BaiduMapKit
  - BMKLocationKit
  - CryptoSwift (~> 0.7.0)
  - DZNEmptyDataSet
  - EmptyDataSet-Swift (~> 4.2.0)
  - GuidePageView
  - IQKeyboardManager
  - JPush
  - KeychainAccess
  - Kingfisher (~> 4.0)
  - MJRefresh
  - Moya/RxSwift (~> 10.0)
  - PagingMenuController
  - RxDataSources (~> 3.0)
  - SDCycleScrollView
  - SnapKit (~> 4.0.0)
  - SVProgressHUD
  - SwiftyJSON (= 3.1.4)
  - TOCropViewController
  - TZImagePickerController
  - YYText

SPEC CHECKSUMS:
  Action: 689181e4c3f6566844178d8a7da6fef39a9597fc
  AFNetworking: b6f891fdfaed196b46c7a83cf209e09697b94057
  Alamofire: ae5c501addb7afdbb13687d7f2f722c78734c2d3
  AliyunOSSiOS: 602b6a4e70e62a5f0a6431c20496343141d7e66f
  APJTextPickerView: 4c6e9addfe05d1cca3fabb06575b1d791590bca1
  BaiduMapKit: a5d9580553355d39a91b24c5eb91ebf298c64038
  BMKLocationKit: 40d267478acd8704ddebd0e9deaddc727b13df9f
  CryptoSwift: cd2158be2bf639aabc63ec804707c7137c90157c
  Differentiator: be49ca3408f0ecfc761e4c7763d20c62be01b9ad
  DZNEmptyDataSet: 9525833b9e68ac21c30253e1d3d7076cc828eaa7
  EmptyDataSet-Swift: 1fa0b35f530a35f852ecb2b53564728b0c300aaf
  GuidePageView: 1a11941151c17df87f59e3a6e0902982d12f0b7a
  IQKeyboardManager: 2ca9d64893247556f53523dcd8d78641f0ba7c23
  JCore: b962a2a1a61dc911ce5e79ba3ff21a95edaf5d23
  JPush: 8459e7a709ad86f95884fcb49cbd57a6da24744e
  KeychainAccess: 3b1bf8a77eb4c6ea1ce9404c292e48f948954c6b
  Kingfisher: c148cd7b47ebde9989f6bc7c27dcaa79d81279a0
  MJRefresh: 7798e16e53a5ef7f332dd05b27664db4e29530fd
  Moya: 2b0531a9fef318e0bc484030c3db1e6f279ccb66
  PagingMenuController: 6176618987bb170096664f2da097313e45ed9c31
  Result: d2d07204ce72856f1fd9130bbe42c35a7b0fea10
  RxCocoa: cbf70265dc65a981d4ac982e513c10cf23df24a0
  RxDataSources: a843bad90c29817f5923ec8163f4af2de084ceb3
  RxSwift: f172070dfd1a93d70a9ab97a5a01166206e1c575
  SDCycleScrollView: b3c9a5ed840c771c4938978174c7c9d9feefeb96
  SDWebImage: 6764b5fa0f73c203728052955dbefa2bf1f33282
  SnapKit: 0de968a9fec17499afa29683b05d0c775b6d1c29
  SVProgressHUD: 1428aafac632c1f86f62aa4243ec12008d7a51d6
  SwiftyJSON: c2842d878f95482ffceec5709abc3d05680c0220
  TOCropViewController: d86078d3a57a70c116bf3db7c89c80046a0e5fdf
  TZImagePickerController: 7850b158d025065b162a1a963d445040b828abc9
  YYText: 5c461d709e24d55a182d1441c41dc639a18a4849

PODFILE CHECKSUM: a4dd88779f1dddaf02be5bc02af926e7b001fe96

COCOAPODS: 1.4.0
